PODS:
  - Alamofire (4.9.1)
  - lottie-ios (3.4.2)
  - SQLite.swift (0.13.3):
    - SQLite.swift/standard (= 0.13.3)
  - SQLite.swift/standard (0.13.3)

DEPENDENCIES:
  - Alamofire (~> 4.7)
  - lottie-ios
  - SQLite.swift (~> 0.13.3)

SPEC REPOS:
  trunk:
    - Alamofire
    - lottie-ios
    - SQLite.swift

SPEC CHECKSUMS:
  Alamofire: 85e8a02c69d6020a0d734f6054870d7ecb75cf18
  lottie-ios: 6bbc53eef6957e4744a50321507015fba72d8ca6
  SQLite.swift: 903bfa3bc9ab06345fdfbb578e34f47cfcf417da

PODFILE CHECKSUM: 18fa846b81a963579bbaf8931051664a1b9034d6

COCOAPODS: 1.11.3
